
Microsoft Visual Studio Solution File, Format Version 12.00
# Visual Studio Version 16
VisualStudioVersion = 16.0.32106.194
MinimumVisualStudioVersion = 10.0.40219.1
Project("{FAE04EC0-301F-11D3-BF4B-00C04F79EFBC}") = "FlappyBirdsDemo.Web", "FlappyBirdsDemo.Web\FlappyBirdsDemo.Web.csproj", "{CE6BC9D2-0E86-455D-811A-B215FA99DB13}"
EndProject
Global
	GlobalSection(SolutionConfigurationPlatforms) = preSolution
		Debug|Any CPU = Debug|Any CPU
		Release|Any CPU = Release|Any CPU
	EndGlobalSection
	GlobalSection(ProjectConfigurationPlatforms) = postSolution
		{CE6BC9D2-0E86-455D-811A-B215FA99DB13}.Debug|Any CPU.ActiveCfg = Debug|Any CPU
		{CE6BC9D2-0E86-455D-811A-B215FA99DB13}.Debug|Any CPU.Build.0 = Debug|Any CPU
		{CE6BC9D2-0E86-455D-811A-B215FA99DB13}.Release|Any CPU.ActiveCfg = Release|Any CPU
		{CE6BC9D2-0E86-455D-811A-B215FA99DB13}.Release|Any CPU.Build.0 = Release|Any CPU
	EndGlobalSection
	GlobalSection(SolutionProperties) = preSolution
		HideSolutionNode = FALSE
	EndGlobalSection
	GlobalSection(ExtensibilityGlobals) = postSolution
		SolutionGuid = {79E09A31-65BF-4FDC-83BC-AB86B520B536}
	EndGlobalSection
EndGlobal
